
Microsoft Visual Studio Solution File, Format Version 12.00
# Visual Studio Version 16
VisualStudioVersion = 16.0.31911.196
MinimumVisualStudioVersion = 10.0.40219.1
Project("{9A19103F-16F7-4668-BE54-9A1E7A4F7556}") = "NA-KD", "NA-KD\NA-KD.csproj", "{260F2A1D-BCB5-40BD-BAF1-C78D9A611102}"
EndProject
Project("{FAE04EC0-301F-11D3-BF4B-00C04F79EFBC}") = "TestNA-KD", "TestNA-KD\TestNA-KD.csproj", "{A9E52BBA-2FBC-4BA8-A6D8-0AFAE8C97D26}"
EndProject
Global
	GlobalSection(SolutionConfigurationPlatforms) = preSolution
		Debug|Any CPU = Debug|Any CPU
		Release|Any CPU = Release|Any CPU
	EndGlobalSection
	GlobalSection(ProjectConfigurationPlatforms) = postSolution
		{260F2A1D-BCB5-40BD-BAF1-C78D9A611102}.Debug|Any CPU.ActiveCfg = Debug|Any CPU
		{260F2A1D-BCB5-40BD-BAF1-C78D9A611102}.Debug|Any CPU.Build.0 = Debug|Any CPU
		{260F2A1D-BCB5-40BD-BAF1-C78D9A611102}.Release|Any CPU.ActiveCfg = Release|Any CPU
		{260F2A1D-BCB5-40BD-BAF1-C78D9A611102}.Release|Any CPU.Build.0 = Release|Any CPU
		{A9E52BBA-2FBC-4BA8-A6D8-0AFAE8C97D26}.Debug|Any CPU.ActiveCfg = Debug|Any CPU
		{A9E52BBA-2FBC-4BA8-A6D8-0AFAE8C97D26}.Debug|Any CPU.Build.0 = Debug|Any CPU
		{A9E52BBA-2FBC-4BA8-A6D8-0AFAE8C97D26}.Release|Any CPU.ActiveCfg = Release|Any CPU
		{A9E52BBA-2FBC-4BA8-A6D8-0AFAE8C97D26}.Release|Any CPU.Build.0 = Release|Any CPU
	EndGlobalSection
	GlobalSection(SolutionProperties) = preSolution
		HideSolutionNode = FALSE
	EndGlobalSection
	GlobalSection(ExtensibilityGlobals) = postSolution
		SolutionGuid = {9AC72C54-668E-41DF-9912-5CD60B6B22B7}
	EndGlobalSection
EndGlobal
